
Microsoft Visual Studio Solution File, Format Version 12.00
# Visual Studio Version 16
VisualStudioVersion = 16.0.31424.327
MinimumVisualStudioVersion = 10.0.40219.1
Project("{FAE04EC0-301F-11D3-BF4B-00C04F79EFBC}") = "Introduction", "Introduction\Introduction.csproj", "{BF8AC68D-215A-40CB-9399-A040796C14E2}"
EndProject
Project("{FAE04EC0-301F-11D3-BF4B-00C04F79EFBC}") = "Features", "Features\Features.csproj", "{3366477D-D22B-4307-9D42-74F8CB283080}"
EndProject
Project("{FAE04EC0-301F-11D3-BF4B-00C04F79EFBC}") = "Queries", "Queries\Queries.csproj", "{A68392C1-44F4-43D1-B5D4-7EBB1347FFF0}"
EndProject
Global
	GlobalSection(SolutionConfigurationPlatforms) = preSolution
		Debug|Any CPU = Debug|Any CPU
		Release|Any CPU = Release|Any CPU
	EndGlobalSection
	GlobalSection(ProjectConfigurationPlatforms) = postSolution
		{BF8AC68D-215A-40CB-9399-A040796C14E2}.Debug|Any CPU.ActiveCfg = Debug|Any CPU
		{BF8AC68D-215A-40CB-9399-A040796C14E2}.Debug|Any CPU.Build.0 = Debug|Any CPU
		{BF8AC68D-215A-40CB-9399-A040796C14E2}.Release|Any CPU.ActiveCfg = Release|Any CPU
		{BF8AC68D-215A-40CB-9399-A040796C14E2}.Release|Any CPU.Build.0 = Release|Any CPU
		{3366477D-D22B-4307-9D42-74F8CB283080}.Debug|Any CPU.ActiveCfg = Debug|Any CPU
		{3366477D-D22B-4307-9D42-74F8CB283080}.Debug|Any CPU.Build.0 = Debug|Any CPU
		{3366477D-D22B-4307-9D42-74F8CB283080}.Release|Any CPU.ActiveCfg = Release|Any CPU
		{3366477D-D22B-4307-9D42-74F8CB283080}.Release|Any CPU.Build.0 = Release|Any CPU
		{A68392C1-44F4-43D1-B5D4-7EBB1347FFF0}.Debug|Any CPU.ActiveCfg = Debug|Any CPU
		{A68392C1-44F4-43D1-B5D4-7EBB1347FFF0}.Debug|Any CPU.Build.0 = Debug|Any CPU
		{A68392C1-44F4-43D1-B5D4-7EBB1347FFF0}.Release|Any CPU.ActiveCfg = Release|Any CPU
		{A68392C1-44F4-43D1-B5D4-7EBB1347FFF0}.Release|Any CPU.Build.0 = Release|Any CPU
	EndGlobalSection
	GlobalSection(SolutionProperties) = preSolution
		HideSolutionNode = FALSE
	EndGlobalSection
	GlobalSection(ExtensibilityGlobals) = postSolution
		SolutionGuid = {C2D5CD6C-EC39-415F-9136-FE80C64DC6D9}
	EndGlobalSection
EndGlobal
